
Microsoft Visual Studio Solution File, Format Version 12.00
# Visual Studio Version 17
VisualStudioVersion = 17.13.35818.85
MinimumVisualStudioVersion = 10.0.40219.1
Project("{FAE04EC0-301F-11D3-BF4B-00C04F79EFBC}") = "DreamDay", "DreamDay\DreamDay.csproj", "{79976BC5-672F-4D48-8399-D793F7D6A189}"
EndProject
Global
	GlobalSection(SolutionConfigurationPlatforms) = preSolution
		Debug|Any CPU = Debug|Any CPU
		Release|Any CPU = Release|Any CPU
	EndGlobalSection
	GlobalSection(ProjectConfigurationPlatforms) = postSolution
		{79976BC5-672F-4D48-8399-D793F7D6A189}.Debug|Any CPU.ActiveCfg = Debug|Any CPU
		{79976BC5-672F-4D48-8399-D793F7D6A189}.Debug|Any CPU.Build.0 = Debug|Any CPU
		{79976BC5-672F-4D48-8399-D793F7D6A189}.Release|Any CPU.ActiveCfg = Release|Any CPU
		{79976BC5-672F-4D48-8399-D793F7D6A189}.Release|Any CPU.Build.0 = Release|Any CPU
	EndGlobalSection
	GlobalSection(SolutionProperties) = preSolution
		HideSolutionNode = FALSE
	EndGlobalSection
	GlobalSection(ExtensibilityGlobals) = postSolution
		SolutionGuid = {D8526CCA-5948-4041-BD09-A47F8660ED93}
	EndGlobalSection
EndGlobal
